
Microsoft Visual Studio Solution File, Format Version 12.00
# Visual Studio Version 17
VisualStudioVersion = 17.8.34601.278
MinimumVisualStudioVersion = 10.0.40219.1
Project("{FAE04EC0-301F-11D3-BF4B-00C04F79EFBC}") = "PriorityQueue (B)", "PriorityQueue (B)\PriorityQueue (B).csproj", "{69CEFC23-5750-4D85-9E56-A953C24D325E}"
EndProject
Global
	GlobalSection(SolutionConfigurationPlatforms) = preSolution
		Debug|Any CPU = Debug|Any CPU
		Release|Any CPU = Release|Any CPU
	EndGlobalSection
	GlobalSection(ProjectConfigurationPlatforms) = postSolution
		{69CEFC23-5750-4D85-9E56-A953C24D325E}.Debug|Any CPU.ActiveCfg = Debug|Any CPU
		{69CEFC23-5750-4D85-9E56-A953C24D325E}.Debug|Any CPU.Build.0 = Debug|Any CPU
		{69CEFC23-5750-4D85-9E56-A953C24D325E}.Release|Any CPU.ActiveCfg = Release|Any CPU
		{69CEFC23-5750-4D85-9E56-A953C24D325E}.Release|Any CPU.Build.0 = Release|Any CPU
	EndGlobalSection
	GlobalSection(SolutionProperties) = preSolution
		HideSolutionNode = FALSE
	EndGlobalSection
	GlobalSection(ExtensibilityGlobals) = postSolution
		SolutionGuid = {295ABF00-9F7C-4342-9DFB-98F3A8196042}
	EndGlobalSection
EndGlobal
